
Microsoft Visual Studio Solution File, Format Version 12.00
# Visual Studio Version 17
VisualStudioVersion = 17.14.36804.6
MinimumVisualStudioVersion = 10.0.40219.1
Project("{D954291E-2A0B-460D-934E-DC6B0785DB48}") = "LogCtxShared", "LogCtxShared\LogCtxShared.shproj", "{7EC4223B-6D17-4608-816E-CD1E6A5411D9}"
EndProject
Project("{FAE04EC0-301F-11D3-BF4B-00C04F79EFBC}") = "LogCtx", "LogCtx\LogCtx.csproj", "{C763C60C-E35E-48FD-B6FE-6130B3E8ABA4}"
EndProject
Project("{FAE04EC0-301F-11D3-BF4B-00C04F79EFBC}") = "Tests", "Tests\Tests.csproj", "{9CF47860-2CEA-F379-09D8-9AEF27965D12}"
EndProject
Global
	GlobalSection(SolutionConfigurationPlatforms) = preSolution
		Debug|Any CPU = Debug|Any CPU
		Release|Any CPU = Release|Any CPU
	EndGlobalSection
	GlobalSection(ProjectConfigurationPlatforms) = postSolution
		{C763C60C-E35E-48FD-B6FE-6130B3E8ABA4}.Debug|Any CPU.ActiveCfg = Debug|Any CPU
		{C763C60C-E35E-48FD-B6FE-6130B3E8ABA4}.Debug|Any CPU.Build.0 = Debug|Any CPU
		{C763C60C-E35E-48FD-B6FE-6130B3E8ABA4}.Release|Any CPU.ActiveCfg = Release|Any CPU
		{C763C60C-E35E-48FD-B6FE-6130B3E8ABA4}.Release|Any CPU.Build.0 = Release|Any CPU
		{9CF47860-2CEA-F379-09D8-9AEF27965D12}.Debug|Any CPU.ActiveCfg = Debug|Any CPU
		{9CF47860-2CEA-F379-09D8-9AEF27965D12}.Debug|Any CPU.Build.0 = Debug|Any CPU
		{9CF47860-2CEA-F379-09D8-9AEF27965D12}.Release|Any CPU.ActiveCfg = Release|Any CPU
		{9CF47860-2CEA-F379-09D8-9AEF27965D12}.Release|Any CPU.Build.0 = Release|Any CPU
	EndGlobalSection
	GlobalSection(SolutionProperties) = preSolution
		HideSolutionNode = FALSE
	EndGlobalSection
	GlobalSection(ExtensibilityGlobals) = postSolution
		SolutionGuid = {B06A6BAA-16C1-407F-BF17-DEEB51FD2052}
	EndGlobalSection
	GlobalSection(SharedMSBuildProjectFiles) = preSolution
		LogCtxShared\LogCtxShared.projitems*{7ec4223b-6d17-4608-816e-cd1e6a5411d9}*SharedItemsImports = 13
		LogCtxShared\LogCtxShared.projitems*{9cf47860-2cea-f379-09d8-9aef27965d12}*SharedItemsImports = 5
		LogCtxShared\LogCtxShared.projitems*{c763c60c-e35e-48fd-b6fe-6130b3e8aba4}*SharedItemsImports = 5
	EndGlobalSection
EndGlobal
